
Microsoft Visual Studio Solution File, Format Version 12.00
# Visual Studio Version 17
VisualStudioVersion = 17.14.36414.22 d17.14
MinimumVisualStudioVersion = 10.0.40219.1
Project("{FAE04EC0-301F-11D3-BF4B-00C04F79EFBC}") = "ConsoleApp7", "ConsoleApp7\ConsoleApp7.csproj", "{BB3ADECD-2BF1-497F-96B4-D0B6FD5B67F9}"
EndProject
Global
	GlobalSection(SolutionConfigurationPlatforms) = preSolution
		Debug|Any CPU = Debug|Any CPU
		Release|Any CPU = Release|Any CPU
	EndGlobalSection
	GlobalSection(ProjectConfigurationPlatforms) = postSolution
		{BB3ADECD-2BF1-497F-96B4-D0B6FD5B67F9}.Debug|Any CPU.ActiveCfg = Debug|Any CPU
		{BB3ADECD-2BF1-497F-96B4-D0B6FD5B67F9}.Debug|Any CPU.Build.0 = Debug|Any CPU
		{BB3ADECD-2BF1-497F-96B4-D0B6FD5B67F9}.Release|Any CPU.ActiveCfg = Release|Any CPU
		{BB3ADECD-2BF1-497F-96B4-D0B6FD5B67F9}.Release|Any CPU.Build.0 = Release|Any CPU
	EndGlobalSection
	GlobalSection(SolutionProperties) = preSolution
		HideSolutionNode = FALSE
	EndGlobalSection
	GlobalSection(ExtensibilityGlobals) = postSolution
		SolutionGuid = {669D4302-1DB0-4A9B-9432-52BE18AB912B}
	EndGlobalSection
EndGlobal
